
Microsoft Visual Studio Solution File, Format Version 12.00
# Visual Studio 15
VisualStudioVersion = 15.0.28307.572
MinimumVisualStudioVersion = 10.0.40219.1
Project("{8BC9CEB8-8B4A-11D0-8D11-00A0C91BC942}") = "SRPG", "SRPG\SRPG.vcxproj", "{E9CA92CE-6CE0-4948-88FD-4EEEE7B0AF56}"
EndProject
Global
	GlobalSection(SolutionConfigurationPlatforms) = preSolution
		Debug|x64 = Debug|x64
		Debug|x86 = Debug|x86
		Release|x64 = Release|x64
		Release|x86 = Release|x86
	EndGlobalSection
	GlobalSection(ProjectConfigurationPlatforms) = postSolution
		{E9CA92CE-6CE0-4948-88FD-4EEEE7B0AF56}.Debug|x64.ActiveCfg = Debug|x64
		{E9CA92CE-6CE0-4948-88FD-4EEEE7B0AF56}.Debug|x64.Build.0 = Debug|x64
		{E9CA92CE-6CE0-4948-88FD-4EEEE7B0AF56}.Debug|x86.ActiveCfg = Debug|Win32
		{E9CA92CE-6CE0-4948-88FD-4EEEE7B0AF56}.Debug|x86.Build.0 = Debug|Win32
		{E9CA92CE-6CE0-4948-88FD-4EEEE7B0AF56}.Release|x64.ActiveCfg = Release|x64
		{E9CA92CE-6CE0-4948-88FD-4EEEE7B0AF56}.Release|x64.Build.0 = Release|x64
		{E9CA92CE-6CE0-4948-88FD-4EEEE7B0AF56}.Release|x86.ActiveCfg = Release|Win32
		{E9CA92CE-6CE0-4948-88FD-4EEEE7B0AF56}.Release|x86.Build.0 = Release|Win32
	EndGlobalSection
	GlobalSection(SolutionProperties) = preSolution
		HideSolutionNode = FALSE
	EndGlobalSection
	GlobalSection(ExtensibilityGlobals) = postSolution
		SolutionGuid = {AA01D635-8BC4-4BF4-82CE-2984996EE19D}
	EndGlobalSection
EndGlobal
